
Microsoft Visual Studio Solution File, Format Version 12.00
Project("{2150E333-8FDC-42A3-9474-1A3956D46DE8}") = "day1", "day1", "{C945F64C-E016-4A47-BAF5-7C62AB9CDB18}"
EndProject
Project("{FAE04EC0-301F-11D3-BF4B-00C04F79EFBC}") = "day1_2", "day1_2\day1_2.csproj", "{885ECCAB-5EB2-4B21-A846-5B3B09C3496D}"
EndProject
Project("{FAE04EC0-301F-11D3-BF4B-00C04F79EFBC}") = "day1_3", "day1_3\day1_3.csproj", "{8B7AFC49-B17A-4F90-BD87-78411278E72F}"
EndProject
Project("{2150E333-8FDC-42A3-9474-1A3956D46DE8}") = "day2", "day2", "{04BE4F41-6D86-456D-A12F-1FB7191B4CFD}"
EndProject
Project("{FAE04EC0-301F-11D3-BF4B-00C04F79EFBC}") = "Brutto_Netto_Rechner", "Brutto_Netto_Rechner\Brutto_Netto_Rechner.csproj", "{BEDC33C2-2611-4C41-90E8-C5D4B3E988BF}"
EndProject
Project("{FAE04EC0-301F-11D3-BF4B-00C04F79EFBC}") = "Abstand", "Abstand\Abstand.csproj", "{B0405556-4CDA-4C8A-8D39-F4326E8C22D5}"
EndProject
Project("{FAE04EC0-301F-11D3-BF4B-00C04F79EFBC}") = "Benzinverbrauch", "Benzinverbrauch\Benzinverbrauch.csproj", "{00842E65-B586-42D3-9B62-FD26A3645B13}"
EndProject
Project("{FAE04EC0-301F-11D3-BF4B-00C04F79EFBC}") = "Verzweigungen", "Verzweigungen\Verzweigungen.csproj", "{4C18C4CF-5EFE-4984-A29A-99D2086F1CA6}"
EndProject
Project("{FAE04EC0-301F-11D3-BF4B-00C04F79EFBC}") = "Rabatt", "Rabatt\Rabatt.csproj", "{00636286-1046-479F-8754-CA5CEA27DDE0}"
EndProject
Project("{FAE04EC0-301F-11D3-BF4B-00C04F79EFBC}") = "Max", "Max\Max.csproj", "{0D894D79-8544-45D1-8695-04CB5977EBC5}"
EndProject
Project("{FAE04EC0-301F-11D3-BF4B-00C04F79EFBC}") = "Maximum", "Maximum\Maximum.csproj", "{D46977F7-577B-40F0-8012-146E0ECC53B3}"
EndProject
Project("{FAE04EC0-301F-11D3-BF4B-00C04F79EFBC}") = "Schaltjahr", "Schaltjahr\Schaltjahr.csproj", "{38635BDD-F544-4D87-8388-AA2C34E9D470}"
EndProject
Project("{FAE04EC0-301F-11D3-BF4B-00C04F79EFBC}") = "lopps", "lopps\lopps.csproj", "{46D09716-4479-49C6-81EE-3BDDE399BBF6}"
EndProject
Project("{2150E333-8FDC-42A3-9474-1A3956D46DE8}") = "day3", "day3", "{3F10333C-AB8B-45D1-A6FD-E3FD212358A8}"
EndProject
Project("{FAE04EC0-301F-11D3-BF4B-00C04F79EFBC}") = "BodyMassIndex", "BodyMassIndex\BodyMassIndex.csproj", "{A81F8E8D-4049-4DDB-ACD4-B6DB81BA736A}"
EndProject
Project("{FAE04EC0-301F-11D3-BF4B-00C04F79EFBC}") = "Taschenrechner", "Taschenrechner\Taschenrechner.csproj", "{655B12A4-D761-4148-A993-B10E69442890}"
EndProject
Project("{FAE04EC0-301F-11D3-BF4B-00C04F79EFBC}") = "Gaus", "Gaus\Gaus.csproj", "{97219ECD-71C2-4FA5-BB74-236EA935E087}"
EndProject
Project("{FAE04EC0-301F-11D3-BF4B-00C04F79EFBC}") = "TaschenrechnerAlt", "TaschenrechnerAlt\TaschenrechnerAlt.csproj", "{F208D5D1-64A7-4FEF-8722-20E57B8FB753}"
EndProject
Project("{FAE04EC0-301F-11D3-BF4B-00C04F79EFBC}") = "BruttoVerkaufspreis", "BruttoVerkaufspreis\BruttoVerkaufspreis.csproj", "{84A78DA8-429A-4BF3-A0F8-D71F434935E7}"
EndProject
Project("{2150E333-8FDC-42A3-9474-1A3956D46DE8}") = "day4", "day4", "{66030CA7-5B8D-4068-9301-D962DE4EFD96}"
EndProject
Project("{FAE04EC0-301F-11D3-BF4B-00C04F79EFBC}") = "MauiApp1", "..\ConsoleApp4\MauiApp1\MauiApp1.csproj", "{06355719-BE11-4813-B5F0-6DDD51556870}"
EndProject
Project("{FAE04EC0-301F-11D3-BF4B-00C04F79EFBC}") = "Resttage", "Resttage\Resttage.csproj", "{2FAF971D-3AF9-4F2D-A24C-A334CD66FDAF}"
EndProject
Project("{FAE04EC0-301F-11D3-BF4B-00C04F79EFBC}") = "Delikatessenversand", "Delikatessenversand\Delikatessenversand.csproj", "{5FAD2498-58A7-465F-AD96-E984014DB6CD}"
EndProject
Project("{FAE04EC0-301F-11D3-BF4B-00C04F79EFBC}") = "Rollenspiel", "Rollenspiel\Rollenspiel.csproj", "{8B0B5508-442C-48EA-A3FE-6D47D0165FEB}"
EndProject
Project("{FAE04EC0-301F-11D3-BF4B-00C04F79EFBC}") = "Reifendruck", "Reifendruck\Reifendruck.csproj", "{B7DDD6A2-53BF-4238-A974-224BA6161CD7}"
EndProject
Project("{FAE04EC0-301F-11D3-BF4B-00C04F79EFBC}") = "ReifendruckErw", "ReifendruckErw\ReifendruckErw.csproj", "{C0D1778B-B919-436A-8D33-A5F64A8BA2EB}"
EndProject
Project("{2150E333-8FDC-42A3-9474-1A3956D46DE8}") = "day5", "day5", "{D426CFF6-00A5-41ED-9777-521D13C88409}"
EndProject
Project("{FAE04EC0-301F-11D3-BF4B-00C04F79EFBC}") = "Rabattberechnung", "Rabattberechnung\Rabattberechnung.csproj", "{44A62C15-F121-4B08-A717-BDC47F90C158}"
EndProject
Project("{FAE04EC0-301F-11D3-BF4B-00C04F79EFBC}") = "Rabattrechnungalternative", "Rabattrechnungalternative\Rabattrechnungalternative.csproj", "{3BCBEE82-DE89-4CFD-BDBF-3AF4FF1E803A}"
EndProject
Project("{FAE04EC0-301F-11D3-BF4B-00C04F79EFBC}") = "kredit", "kredit\kredit.csproj", "{076A4623-AF18-4D51-9113-326D86C64DC2}"
EndProject
Project("{FAE04EC0-301F-11D3-BF4B-00C04F79EFBC}") = "Informatik 2", "Informatik 2\Informatik 2.csproj", "{993E9A68-28A1-4A7B-99F3-68B86CB9F32C}"
EndProject
Project("{FAE04EC0-301F-11D3-BF4B-00C04F79EFBC}") = "informatik2if", "informatik2if\informatik2if.csproj", "{85457372-AD03-44E3-9469-28206EA961D1}"
EndProject
Project("{2150E333-8FDC-42A3-9474-1A3956D46DE8}") = "day7", "day7", "{B1DFBD9A-3555-4DF4-B25C-E20911DE0CD4}"
EndProject
Project("{FAE04EC0-301F-11D3-BF4B-00C04F79EFBC}") = "PasswortGenerator", "PasswortGenerator\PasswortGenerator.csproj", "{6B81980E-14C2-410E-B506-C1791A14FB16}"
EndProject
Project("{FAE04EC0-301F-11D3-BF4B-00C04F79EFBC}") = "teiler", "teiler\teiler.csproj", "{D376B486-CDD1-4F77-831C-309C0600B2C7}"
EndProject
Project("{2150E333-8FDC-42A3-9474-1A3956D46DE8}") = "day8", "day8", "{68B711D4-EEA7-4756-9E59-6192542AC824}"
EndProject
Project("{FAE04EC0-301F-11D3-BF4B-00C04F79EFBC}") = "teileZwei", "teileZwei\teileZwei.csproj", "{D47EAE65-2E08-4B23-901A-B02289FEA0C9}"
EndProject
Project("{FAE04EC0-301F-11D3-BF4B-00C04F79EFBC}") = "einMalEins", "einMalEins\einMalEins.csproj", "{F90D4B40-82DB-4F88-86C3-FA9E5FA77B49}"
EndProject
Project("{FAE04EC0-301F-11D3-BF4B-00C04F79EFBC}") = "Zinsen", "Zinsen\Zinsen.csproj", "{DB3DDA1D-468A-4B6B-99C9-9F9F85E0571C}"
EndProject
Project("{FAE04EC0-301F-11D3-BF4B-00C04F79EFBC}") = "vollkommendeZahlen", "vollkommendeZahlen\vollkommendeZahlen.csproj", "{D05A222B-5BD2-4CEA-9DFD-D1C8F1B2EC98}"
EndProject
Project("{FAE04EC0-301F-11D3-BF4B-00C04F79EFBC}") = "Dreieck", "Dreieck\Dreieck.csproj", "{BD1A8F94-3DFD-451A-A61D-3FC057312241}"
EndProject
Project("{FAE04EC0-301F-11D3-BF4B-00C04F79EFBC}") = "Schachbrett1", "Schachbrett1\Schachbrett1.csproj", "{F339D1C3-7156-4A1D-931A-163637CBBCF7}"
EndProject
Project("{2150E333-8FDC-42A3-9474-1A3956D46DE8}") = "day9", "day9", "{0530DCA8-B2FE-4B5A-9AA8-E0D2F6E785C0}"
EndProject
Project("{FAE04EC0-301F-11D3-BF4B-00C04F79EFBC}") = "Arrays", "Arrays\Arrays.csproj", "{673217CF-9168-4D6E-A0E0-8F66FADEB49F}"
EndProject
Project("{FAE04EC0-301F-11D3-BF4B-00C04F79EFBC}") = "primzahlen", "primzahlen\primzahlen.csproj", "{2673C5C0-1B4D-4353-8400-D3F9D6288711}"
EndProject
Project("{FAE04EC0-301F-11D3-BF4B-00C04F79EFBC}") = "Eratosthenes", "Eratosthenes\Eratosthenes.csproj", "{34B68571-4045-4954-8B76-15E9E6DF1F3E}"
EndProject
Project("{FAE04EC0-301F-11D3-BF4B-00C04F79EFBC}") = "linq", "linq\linq.csproj", "{466DB868-C16A-4432-9BF0-0151245B5F4C}"
EndProject
Project("{FAE04EC0-301F-11D3-BF4B-00C04F79EFBC}") = "Quersumme", "Quersumme\Quersumme.csproj", "{F0DF9F18-59F9-486A-BD31-FDB4FF47D0C7}"
EndProject
Project("{FAE04EC0-301F-11D3-BF4B-00C04F79EFBC}") = "Quadratzahlen", "Quadratzahlen\Quadratzahlen.csproj", "{E53ACE5B-79AC-4413-9F6F-5E7B915DB8BE}"
EndProject
Project("{2150E333-8FDC-42A3-9474-1A3956D46DE8}") = "day10", "day10", "{5761442A-699E-4521-8548-D611365C9213}"
EndProject
Project("{FAE04EC0-301F-11D3-BF4B-00C04F79EFBC}") = "ArraySuche", "ArraySuche\ArraySuche.csproj", "{A10DC1D3-F38C-469C-848B-9DF9208C72CF}"
EndProject
Project("{FAE04EC0-301F-11D3-BF4B-00C04F79EFBC}") = "Binärzahlen", "Binärzahlen\Binärzahlen.csproj", "{5DE4324F-C1C3-420F-B152-C8CD2380F910}"
EndProject
Project("{FAE04EC0-301F-11D3-BF4B-00C04F79EFBC}") = "LottoZahlen", "LottoZahlen\LottoZahlen.csproj", "{0C5BC227-244E-469E-87CA-B163514E4031}"
EndProject
Project("{FAE04EC0-301F-11D3-BF4B-00C04F79EFBC}") = "Spielpaarungen", "Spielpaarungen\Spielpaarungen.csproj", "{0D156CEE-3200-43F4-BA03-2B1BCDF684A5}"
EndProject
Project("{FAE04EC0-301F-11D3-BF4B-00C04F79EFBC}") = "gibMirFuenf", "gibMirFuenf\gibMirFuenf.csproj", "{A8A13BFA-3C01-4E85-AAF1-13E00C0FDA44}"
EndProject
Project("{2150E333-8FDC-42A3-9474-1A3956D46DE8}") = "day11", "day11", "{F424DD28-CFEC-4770-9C8A-E9D58284794F}"
EndProject
Project("{FAE04EC0-301F-11D3-BF4B-00C04F79EFBC}") = "NamensListe", "NamensListe\NamensListe.csproj", "{35FB5230-22BB-4A03-8011-D238B24FB0C8}"
EndProject
Project("{FAE04EC0-301F-11D3-BF4B-00C04F79EFBC}") = "ZahlenstatistikNew", "ZahlenstatistikNew\ZahlenstatistikNew.csproj", "{77BA67B1-BDC2-4CBF-8511-BC935B978FB9}"
EndProject
Project("{FAE04EC0-301F-11D3-BF4B-00C04F79EFBC}") = "ToDoListe", "ToDoListe\ToDoListe.csproj", "{43DBE9DD-EAF1-4DFB-8872-55AFFBD1CEB8}"
EndProject
Project("{2150E333-8FDC-42A3-9474-1A3956D46DE8}") = "day12", "day12", "{8A4A7A90-25C4-4F6E-A0BA-5201FE64CBF9}"
EndProject
Project("{FAE04EC0-301F-11D3-BF4B-00C04F79EFBC}") = "Temperatur_Konverter", "Temperatur_Konverter\Temperatur_Konverter.csproj", "{6B550C56-EF22-46DE-9D0C-64179688C1DD}"
EndProject
Project("{FAE04EC0-301F-11D3-BF4B-00C04F79EFBC}") = "TaschenrechnerFunktion", "TaschenrechnerFunktion\TaschenrechnerFunktion.csproj", "{2A516AEE-0D83-492A-82C3-DD08F5D1C40D}"
EndProject
Project("{FAE04EC0-301F-11D3-BF4B-00C04F79EFBC}") = "Arraydimension", "Arraydimension\Arraydimension.csproj", "{93A2B0A1-A676-435B-B6D4-28B910ED535A}"
EndProject
Project("{2150E333-8FDC-42A3-9474-1A3956D46DE8}") = "day13", "day13", "{9975DC5A-C3CC-4A7C-9AE2-F5A9339016FA}"
EndProject
Project("{FAE04EC0-301F-11D3-BF4B-00C04F79EFBC}") = "BinaerSuche", "BinaerSuche\BinaerSuche.csproj", "{885A7A16-F918-47BE-85DC-D37BC1160E49}"
EndProject
Project("{FAE04EC0-301F-11D3-BF4B-00C04F79EFBC}") = "Rotation", "Rotation\Rotation.csproj", "{10C254D1-6844-4F81-B9FD-BE168E0A03F2}"
EndProject
Project("{FAE04EC0-301F-11D3-BF4B-00C04F79EFBC}") = "Palindrom", "Palindrom\Palindrom.csproj", "{8583F004-CC68-4732-A6DB-F8F6255DE04F}"
EndProject
Project("{2150E333-8FDC-42A3-9474-1A3956D46DE8}") = "privat", "privat", "{FA873B52-D80F-4B92-8E23-2CA1053DA65A}"
EndProject
Project("{FAE04EC0-301F-11D3-BF4B-00C04F79EFBC}") = "budgetManager", "budgetManager\budgetManager.csproj", "{0934622A-F8AC-435C-A712-1B156BD547D0}"
EndProject
Project("{FAE04EC0-301F-11D3-BF4B-00C04F79EFBC}") = "Reverse", "Reverse\Reverse.csproj", "{ABEC8A60-8858-4C98-B360-8715C485B292}"
EndProject
Project("{FAE04EC0-301F-11D3-BF4B-00C04F79EFBC}") = "NotenSystem", "NotenSystem\NotenSystem.csproj", "{F9727156-4F3D-4E34-BA75-3D2263D7BBAD}"
EndProject
Project("{FAE04EC0-301F-11D3-BF4B-00C04F79EFBC}") = "VorNachname", "VorNachname\VorNachname.csproj", "{3DFB8383-7A60-466B-8A64-F86D5B01FFE9}"
EndProject
Project("{FAE04EC0-301F-11D3-BF4B-00C04F79EFBC}") = "FahrzeugVerwaltung", "FahrzeugVerwaltung\FahrzeugVerwaltung.csproj", "{B0A424C3-B50B-49AD-826E-620AEA506B7F}"
EndProject
Project("{FAE04EC0-301F-11D3-BF4B-00C04F79EFBC}") = "Kundenverwaltung", "Kundenverwaltung\Kundenverwaltung.csproj", "{7918667F-1C34-4720-B73B-DF20A2395631}"
EndProject
Project("{FAE04EC0-301F-11D3-BF4B-00C04F79EFBC}") = "Produktverwaltung", "Produktverwaltung\Produktverwaltung.csproj", "{6F5A14DF-7C75-4706-8742-AFF0AECC7FF4}"
EndProject
Project("{2150E333-8FDC-42A3-9474-1A3956D46DE8}") = "day14", "day14", "{36193A12-9FEF-4CA5-A62B-8DEC3ED28362}"
EndProject
Project("{FAE04EC0-301F-11D3-BF4B-00C04F79EFBC}") = "Array Explode", "Array Explode\Array Explode.csproj", "{4EE24BD9-0D4F-439D-9649-CE3862A1D83C}"
EndProject
Project("{FAE04EC0-301F-11D3-BF4B-00C04F79EFBC}") = "ArrayMerge", "ArrayMerge\ArrayMerge.csproj", "{707F97D1-CFD1-47C9-9C8F-B00614A4A00D}"
EndProject
Project("{FAE04EC0-301F-11D3-BF4B-00C04F79EFBC}") = "KundenverwaltungErw", "KundenverwaltungErw\KundenverwaltungErw.csproj", "{FA157B6C-A3CB-4520-BB13-2A3C443F4971}"
EndProject
Project("{FAE04EC0-301F-11D3-BF4B-00C04F79EFBC}") = "QuizApp", "QuizApp\QuizApp.csproj", "{8A2446DE-0BF8-4B16-A4A3-36A9604A33D9}"
EndProject
Project("{FAE04EC0-301F-11D3-BF4B-00C04F79EFBC}") = "Bankkonto", "Bankkonto\Bankkonto.csproj", "{0A280A06-077C-4D18-A6FE-919FAE45BA60}"
EndProject
Project("{2150E333-8FDC-42A3-9474-1A3956D46DE8}") = "day15", "day15", "{D5AF8F50-395E-4C84-9C5D-4A30A270F2C6}"
EndProject
Project("{FAE04EC0-301F-11D3-BF4B-00C04F79EFBC}") = "FuntionsWahnsinn", "FuntionsWahnsinn\FuntionsWahnsinn.csproj", "{71ACC2B3-5BD6-4765-A6AE-1E4F6800B81C}"
EndProject
Project("{FAE04EC0-301F-11D3-BF4B-00C04F79EFBC}") = "IntergerUmdrehen", "IntergerUmdrehen\IntergerUmdrehen.csproj", "{C184F753-E533-4DB8-BFF4-635D4C6C0EB4}"
EndProject
Project("{FAE04EC0-301F-11D3-BF4B-00C04F79EFBC}") = "LuhnAlgorithmus", "LuhnAlgorithmus\LuhnAlgorithmus.csproj", "{93056E54-ABD3-4AA8-AB2A-3E867F8C3C64}"
EndProject
Project("{FAE04EC0-301F-11D3-BF4B-00C04F79EFBC}") = "WeiterEingabe", "WeiterEingabe\WeiterEingabe.csproj", "{680F5D74-C13D-4CF7-82F8-6AA4C6C705D8}"
EndProject
Project("{FAE04EC0-301F-11D3-BF4B-00C04F79EFBC}") = "TryParse", "TryParse\TryParse.csproj", "{C48E462D-7880-4285-BA89-FF61DDDFD807}"
EndProject
Project("{2150E333-8FDC-42A3-9474-1A3956D46DE8}") = "day16", "day16", "{596F4D4B-5A13-4399-B4C2-CC27FCB78D22}"
EndProject
Project("{FAE04EC0-301F-11D3-BF4B-00C04F79EFBC}") = "ArmstrongZahlen", "ArmstrongZahlen\ArmstrongZahlen.csproj", "{89A36AF7-B0C9-4803-A4C6-CEA875F6F659}"
EndProject
Project("{FAE04EC0-301F-11D3-BF4B-00C04F79EFBC}") = "CodeKnacker", "CodeKnacker\CodeKnacker.csproj", "{521EA9E3-9000-439E-84E2-9F01DAEF9AA3}"
EndProject
Project("{FAE04EC0-301F-11D3-BF4B-00C04F79EFBC}") = "nSchoenheit", "nSchoenheit\nSchoenheit.csproj", "{C1E3B4F0-C1F2-4794-A53D-FE910DB29CB1}"
EndProject
Project("{FAE04EC0-301F-11D3-BF4B-00C04F79EFBC}") = "FalscheMuenze", "FalscheMuenze\FalscheMuenze.csproj", "{B59AA7B4-3AEE-4000-A0F6-3C78F16EFBC5}"
EndProject
Project("{2150E333-8FDC-42A3-9474-1A3956D46DE8}") = "day17", "day17", "{F65A73BA-BDA6-4CD4-A804-9E1858DA9AE4}"
EndProject
Project("{FAE04EC0-301F-11D3-BF4B-00C04F79EFBC}") = "Zauberquadrat", "Zauberquadrat\Zauberquadrat.csproj", "{F4018A49-9302-461E-B4F1-499EF77F0FDD}"
EndProject
Global
	GlobalSection(SolutionConfigurationPlatforms) = preSolution
		Debug|Any CPU = Debug|Any CPU
		Release|Any CPU = Release|Any CPU
	EndGlobalSection
	GlobalSection(ProjectConfigurationPlatforms) = postSolution
		{885ECCAB-5EB2-4B21-A846-5B3B09C3496D}.Debug|Any CPU.ActiveCfg = Debug|Any CPU
		{885ECCAB-5EB2-4B21-A846-5B3B09C3496D}.Debug|Any CPU.Build.0 = Debug|Any CPU
		{885ECCAB-5EB2-4B21-A846-5B3B09C3496D}.Release|Any CPU.ActiveCfg = Release|Any CPU
		{885ECCAB-5EB2-4B21-A846-5B3B09C3496D}.Release|Any CPU.Build.0 = Release|Any CPU
		{8B7AFC49-B17A-4F90-BD87-78411278E72F}.Debug|Any CPU.ActiveCfg = Debug|Any CPU
		{8B7AFC49-B17A-4F90-BD87-78411278E72F}.Debug|Any CPU.Build.0 = Debug|Any CPU
		{8B7AFC49-B17A-4F90-BD87-78411278E72F}.Release|Any CPU.ActiveCfg = Release|Any CPU
		{8B7AFC49-B17A-4F90-BD87-78411278E72F}.Release|Any CPU.Build.0 = Release|Any CPU
		{BEDC33C2-2611-4C41-90E8-C5D4B3E988BF}.Debug|Any CPU.ActiveCfg = Debug|Any CPU
		{BEDC33C2-2611-4C41-90E8-C5D4B3E988BF}.Debug|Any CPU.Build.0 = Debug|Any CPU
		{BEDC33C2-2611-4C41-90E8-C5D4B3E988BF}.Release|Any CPU.ActiveCfg = Release|Any CPU
		{BEDC33C2-2611-4C41-90E8-C5D4B3E988BF}.Release|Any CPU.Build.0 = Release|Any CPU
		{B0405556-4CDA-4C8A-8D39-F4326E8C22D5}.Debug|Any CPU.ActiveCfg = Debug|Any CPU
		{B0405556-4CDA-4C8A-8D39-F4326E8C22D5}.Debug|Any CPU.Build.0 = Debug|Any CPU
		{B0405556-4CDA-4C8A-8D39-F4326E8C22D5}.Release|Any CPU.ActiveCfg = Release|Any CPU
		{B0405556-4CDA-4C8A-8D39-F4326E8C22D5}.Release|Any CPU.Build.0 = Release|Any CPU
		{00842E65-B586-42D3-9B62-FD26A3645B13}.Debug|Any CPU.ActiveCfg = Debug|Any CPU
		{00842E65-B586-42D3-9B62-FD26A3645B13}.Debug|Any CPU.Build.0 = Debug|Any CPU
		{00842E65-B586-42D3-9B62-FD26A3645B13}.Release|Any CPU.ActiveCfg = Release|Any CPU
		{00842E65-B586-42D3-9B62-FD26A3645B13}.Release|Any CPU.Build.0 = Release|Any CPU
		{4C18C4CF-5EFE-4984-A29A-99D2086F1CA6}.Debug|Any CPU.ActiveCfg = Debug|Any CPU
		{4C18C4CF-5EFE-4984-A29A-99D2086F1CA6}.Debug|Any CPU.Build.0 = Debug|Any CPU
		{4C18C4CF-5EFE-4984-A29A-99D2086F1CA6}.Release|Any CPU.ActiveCfg = Release|Any CPU
		{4C18C4CF-5EFE-4984-A29A-99D2086F1CA6}.Release|Any CPU.Build.0 = Release|Any CPU
		{00636286-1046-479F-8754-CA5CEA27DDE0}.Debug|Any CPU.ActiveCfg = Debug|Any CPU
		{00636286-1046-479F-8754-CA5CEA27DDE0}.Debug|Any CPU.Build.0 = Debug|Any CPU
		{00636286-1046-479F-8754-CA5CEA27DDE0}.Release|Any CPU.ActiveCfg = Release|Any CPU
		{00636286-1046-479F-8754-CA5CEA27DDE0}.Release|Any CPU.Build.0 = Release|Any CPU
		{0D894D79-8544-45D1-8695-04CB5977EBC5}.Debug|Any CPU.ActiveCfg = Debug|Any CPU
		{0D894D79-8544-45D1-8695-04CB5977EBC5}.Debug|Any CPU.Build.0 = Debug|Any CPU
		{0D894D79-8544-45D1-8695-04CB5977EBC5}.Release|Any CPU.ActiveCfg = Release|Any CPU
		{0D894D79-8544-45D1-8695-04CB5977EBC5}.Release|Any CPU.Build.0 = Release|Any CPU
		{D46977F7-577B-40F0-8012-146E0ECC53B3}.Debug|Any CPU.ActiveCfg = Debug|Any CPU
		{D46977F7-577B-40F0-8012-146E0ECC53B3}.Debug|Any CPU.Build.0 = Debug|Any CPU
		{D46977F7-577B-40F0-8012-146E0ECC53B3}.Release|Any CPU.ActiveCfg = Release|Any CPU
		{D46977F7-577B-40F0-8012-146E0ECC53B3}.Release|Any CPU.Build.0 = Release|Any CPU
		{38635BDD-F544-4D87-8388-AA2C34E9D470}.Debug|Any CPU.ActiveCfg = Debug|Any CPU
		{38635BDD-F544-4D87-8388-AA2C34E9D470}.Debug|Any CPU.Build.0 = Debug|Any CPU
		{38635BDD-F544-4D87-8388-AA2C34E9D470}.Release|Any CPU.ActiveCfg = Release|Any CPU
		{38635BDD-F544-4D87-8388-AA2C34E9D470}.Release|Any CPU.Build.0 = Release|Any CPU
		{46D09716-4479-49C6-81EE-3BDDE399BBF6}.Debug|Any CPU.ActiveCfg = Debug|Any CPU
		{46D09716-4479-49C6-81EE-3BDDE399BBF6}.Debug|Any CPU.Build.0 = Debug|Any CPU
		{46D09716-4479-49C6-81EE-3BDDE399BBF6}.Release|Any CPU.ActiveCfg = Release|Any CPU
		{46D09716-4479-49C6-81EE-3BDDE399BBF6}.Release|Any CPU.Build.0 = Release|Any CPU
		{A81F8E8D-4049-4DDB-ACD4-B6DB81BA736A}.Debug|Any CPU.ActiveCfg = Debug|Any CPU
		{A81F8E8D-4049-4DDB-ACD4-B6DB81BA736A}.Debug|Any CPU.Build.0 = Debug|Any CPU
		{A81F8E8D-4049-4DDB-ACD4-B6DB81BA736A}.Release|Any CPU.ActiveCfg = Release|Any CPU
		{A81F8E8D-4049-4DDB-ACD4-B6DB81BA736A}.Release|Any CPU.Build.0 = Release|Any CPU
		{655B12A4-D761-4148-A993-B10E69442890}.Debug|Any CPU.ActiveCfg = Debug|Any CPU
		{655B12A4-D761-4148-A993-B10E69442890}.Debug|Any CPU.Build.0 = Debug|Any CPU
		{655B12A4-D761-4148-A993-B10E69442890}.Release|Any CPU.ActiveCfg = Release|Any CPU
		{655B12A4-D761-4148-A993-B10E69442890}.Release|Any CPU.Build.0 = Release|Any CPU
		{97219ECD-71C2-4FA5-BB74-236EA935E087}.Debug|Any CPU.ActiveCfg = Debug|Any CPU
		{97219ECD-71C2-4FA5-BB74-236EA935E087}.Debug|Any CPU.Build.0 = Debug|Any CPU
		{97219ECD-71C2-4FA5-BB74-236EA935E087}.Release|Any CPU.ActiveCfg = Release|Any CPU
		{97219ECD-71C2-4FA5-BB74-236EA935E087}.Release|Any CPU.Build.0 = Release|Any CPU
		{F208D5D1-64A7-4FEF-8722-20E57B8FB753}.Debug|Any CPU.ActiveCfg = Debug|Any CPU
		{F208D5D1-64A7-4FEF-8722-20E57B8FB753}.Debug|Any CPU.Build.0 = Debug|Any CPU
		{F208D5D1-64A7-4FEF-8722-20E57B8FB753}.Release|Any CPU.ActiveCfg = Release|Any CPU
		{F208D5D1-64A7-4FEF-8722-20E57B8FB753}.Release|Any CPU.Build.0 = Release|Any CPU
		{84A78DA8-429A-4BF3-A0F8-D71F434935E7}.Debug|Any CPU.ActiveCfg = Debug|Any CPU
		{84A78DA8-429A-4BF3-A0F8-D71F434935E7}.Debug|Any CPU.Build.0 = Debug|Any CPU
		{84A78DA8-429A-4BF3-A0F8-D71F434935E7}.Release|Any CPU.ActiveCfg = Release|Any CPU
		{84A78DA8-429A-4BF3-A0F8-D71F434935E7}.Release|Any CPU.Build.0 = Release|Any CPU
		{06355719-BE11-4813-B5F0-6DDD51556870}.Debug|Any CPU.ActiveCfg = Debug|Any CPU
		{06355719-BE11-4813-B5F0-6DDD51556870}.Debug|Any CPU.Build.0 = Debug|Any CPU
		{06355719-BE11-4813-B5F0-6DDD51556870}.Release|Any CPU.ActiveCfg = Release|Any CPU
		{06355719-BE11-4813-B5F0-6DDD51556870}.Release|Any CPU.Build.0 = Release|Any CPU
		{2FAF971D-3AF9-4F2D-A24C-A334CD66FDAF}.Debug|Any CPU.ActiveCfg = Debug|Any CPU
		{2FAF971D-3AF9-4F2D-A24C-A334CD66FDAF}.Debug|Any CPU.Build.0 = Debug|Any CPU
		{2FAF971D-3AF9-4F2D-A24C-A334CD66FDAF}.Release|Any CPU.ActiveCfg = Release|Any CPU
		{2FAF971D-3AF9-4F2D-A24C-A334CD66FDAF}.Release|Any CPU.Build.0 = Release|Any CPU
		{5FAD2498-58A7-465F-AD96-E984014DB6CD}.Debug|Any CPU.ActiveCfg = Debug|Any CPU
		{5FAD2498-58A7-465F-AD96-E984014DB6CD}.Debug|Any CPU.Build.0 = Debug|Any CPU
		{5FAD2498-58A7-465F-AD96-E984014DB6CD}.Release|Any CPU.ActiveCfg = Release|Any CPU
		{5FAD2498-58A7-465F-AD96-E984014DB6CD}.Release|Any CPU.Build.0 = Release|Any CPU
		{8B0B5508-442C-48EA-A3FE-6D47D0165FEB}.Debug|Any CPU.ActiveCfg = Debug|Any CPU
		{8B0B5508-442C-48EA-A3FE-6D47D0165FEB}.Debug|Any CPU.Build.0 = Debug|Any CPU
		{8B0B5508-442C-48EA-A3FE-6D47D0165FEB}.Release|Any CPU.ActiveCfg = Release|Any CPU
		{8B0B5508-442C-48EA-A3FE-6D47D0165FEB}.Release|Any CPU.Build.0 = Release|Any CPU
		{B7DDD6A2-53BF-4238-A974-224BA6161CD7}.Debug|Any CPU.ActiveCfg = Debug|Any CPU
		{B7DDD6A2-53BF-4238-A974-224BA6161CD7}.Debug|Any CPU.Build.0 = Debug|Any CPU
		{B7DDD6A2-53BF-4238-A974-224BA6161CD7}.Release|Any CPU.ActiveCfg = Release|Any CPU
		{B7DDD6A2-53BF-4238-A974-224BA6161CD7}.Release|Any CPU.Build.0 = Release|Any CPU
		{C0D1778B-B919-436A-8D33-A5F64A8BA2EB}.Debug|Any CPU.ActiveCfg = Debug|Any CPU
		{C0D1778B-B919-436A-8D33-A5F64A8BA2EB}.Debug|Any CPU.Build.0 = Debug|Any CPU
		{C0D1778B-B919-436A-8D33-A5F64A8BA2EB}.Release|Any CPU.ActiveCfg = Release|Any CPU
		{C0D1778B-B919-436A-8D33-A5F64A8BA2EB}.Release|Any CPU.Build.0 = Release|Any CPU
		{44A62C15-F121-4B08-A717-BDC47F90C158}.Debug|Any CPU.ActiveCfg = Debug|Any CPU
		{44A62C15-F121-4B08-A717-BDC47F90C158}.Debug|Any CPU.Build.0 = Debug|Any CPU
		{44A62C15-F121-4B08-A717-BDC47F90C158}.Release|Any CPU.ActiveCfg = Release|Any CPU
		{44A62C15-F121-4B08-A717-BDC47F90C158}.Release|Any CPU.Build.0 = Release|Any CPU
		{3BCBEE82-DE89-4CFD-BDBF-3AF4FF1E803A}.Debug|Any CPU.ActiveCfg = Debug|Any CPU
		{3BCBEE82-DE89-4CFD-BDBF-3AF4FF1E803A}.Debug|Any CPU.Build.0 = Debug|Any CPU
		{3BCBEE82-DE89-4CFD-BDBF-3AF4FF1E803A}.Release|Any CPU.ActiveCfg = Release|Any CPU
		{3BCBEE82-DE89-4CFD-BDBF-3AF4FF1E803A}.Release|Any CPU.Build.0 = Release|Any CPU
		{076A4623-AF18-4D51-9113-326D86C64DC2}.Debug|Any CPU.ActiveCfg = Debug|Any CPU
		{076A4623-AF18-4D51-9113-326D86C64DC2}.Debug|Any CPU.Build.0 = Debug|Any CPU
		{076A4623-AF18-4D51-9113-326D86C64DC2}.Release|Any CPU.ActiveCfg = Release|Any CPU
		{076A4623-AF18-4D51-9113-326D86C64DC2}.Release|Any CPU.Build.0 = Release|Any CPU
		{993E9A68-28A1-4A7B-99F3-68B86CB9F32C}.Debug|Any CPU.ActiveCfg = Debug|Any CPU
		{993E9A68-28A1-4A7B-99F3-68B86CB9F32C}.Debug|Any CPU.Build.0 = Debug|Any CPU
		{993E9A68-28A1-4A7B-99F3-68B86CB9F32C}.Release|Any CPU.ActiveCfg = Release|Any CPU
		{993E9A68-28A1-4A7B-99F3-68B86CB9F32C}.Release|Any CPU.Build.0 = Release|Any CPU
		{85457372-AD03-44E3-9469-28206EA961D1}.Debug|Any CPU.ActiveCfg = Debug|Any CPU
		{85457372-AD03-44E3-9469-28206EA961D1}.Debug|Any CPU.Build.0 = Debug|Any CPU
		{85457372-AD03-44E3-9469-28206EA961D1}.Release|Any CPU.ActiveCfg = Release|Any CPU
		{85457372-AD03-44E3-9469-28206EA961D1}.Release|Any CPU.Build.0 = Release|Any CPU
		{6B81980E-14C2-410E-B506-C1791A14FB16}.Debug|Any CPU.ActiveCfg = Debug|Any CPU
		{6B81980E-14C2-410E-B506-C1791A14FB16}.Debug|Any CPU.Build.0 = Debug|Any CPU
		{6B81980E-14C2-410E-B506-C1791A14FB16}.Release|Any CPU.ActiveCfg = Release|Any CPU
		{6B81980E-14C2-410E-B506-C1791A14FB16}.Release|Any CPU.Build.0 = Release|Any CPU
		{D376B486-CDD1-4F77-831C-309C0600B2C7}.Debug|Any CPU.ActiveCfg = Debug|Any CPU
		{D376B486-CDD1-4F77-831C-309C0600B2C7}.Debug|Any CPU.Build.0 = Debug|Any CPU
		{D376B486-CDD1-4F77-831C-309C0600B2C7}.Release|Any CPU.ActiveCfg = Release|Any CPU
		{D376B486-CDD1-4F77-831C-309C0600B2C7}.Release|Any CPU.Build.0 = Release|Any CPU
		{D47EAE65-2E08-4B23-901A-B02289FEA0C9}.Debug|Any CPU.ActiveCfg = Debug|Any CPU
		{D47EAE65-2E08-4B23-901A-B02289FEA0C9}.Debug|Any CPU.Build.0 = Debug|Any CPU
		{D47EAE65-2E08-4B23-901A-B02289FEA0C9}.Release|Any CPU.ActiveCfg = Release|Any CPU
		{D47EAE65-2E08-4B23-901A-B02289FEA0C9}.Release|Any CPU.Build.0 = Release|Any CPU
		{F90D4B40-82DB-4F88-86C3-FA9E5FA77B49}.Debug|Any CPU.ActiveCfg = Debug|Any CPU
		{F90D4B40-82DB-4F88-86C3-FA9E5FA77B49}.Debug|Any CPU.Build.0 = Debug|Any CPU
		{F90D4B40-82DB-4F88-86C3-FA9E5FA77B49}.Release|Any CPU.ActiveCfg = Release|Any CPU
		{F90D4B40-82DB-4F88-86C3-FA9E5FA77B49}.Release|Any CPU.Build.0 = Release|Any CPU
		{DB3DDA1D-468A-4B6B-99C9-9F9F85E0571C}.Debug|Any CPU.ActiveCfg = Debug|Any CPU
		{DB3DDA1D-468A-4B6B-99C9-9F9F85E0571C}.Debug|Any CPU.Build.0 = Debug|Any CPU
		{DB3DDA1D-468A-4B6B-99C9-9F9F85E0571C}.Release|Any CPU.ActiveCfg = Release|Any CPU
		{DB3DDA1D-468A-4B6B-99C9-9F9F85E0571C}.Release|Any CPU.Build.0 = Release|Any CPU
		{D05A222B-5BD2-4CEA-9DFD-D1C8F1B2EC98}.Debug|Any CPU.ActiveCfg = Debug|Any CPU
		{D05A222B-5BD2-4CEA-9DFD-D1C8F1B2EC98}.Debug|Any CPU.Build.0 = Debug|Any CPU
		{D05A222B-5BD2-4CEA-9DFD-D1C8F1B2EC98}.Release|Any CPU.ActiveCfg = Release|Any CPU
		{D05A222B-5BD2-4CEA-9DFD-D1C8F1B2EC98}.Release|Any CPU.Build.0 = Release|Any CPU
		{BD1A8F94-3DFD-451A-A61D-3FC057312241}.Debug|Any CPU.ActiveCfg = Debug|Any CPU
		{BD1A8F94-3DFD-451A-A61D-3FC057312241}.Debug|Any CPU.Build.0 = Debug|Any CPU
		{BD1A8F94-3DFD-451A-A61D-3FC057312241}.Release|Any CPU.ActiveCfg = Release|Any CPU
		{BD1A8F94-3DFD-451A-A61D-3FC057312241}.Release|Any CPU.Build.0 = Release|Any CPU
		{F339D1C3-7156-4A1D-931A-163637CBBCF7}.Debug|Any CPU.ActiveCfg = Debug|Any CPU
		{F339D1C3-7156-4A1D-931A-163637CBBCF7}.Debug|Any CPU.Build.0 = Debug|Any CPU
		{F339D1C3-7156-4A1D-931A-163637CBBCF7}.Release|Any CPU.ActiveCfg = Release|Any CPU
		{F339D1C3-7156-4A1D-931A-163637CBBCF7}.Release|Any CPU.Build.0 = Release|Any CPU
		{673217CF-9168-4D6E-A0E0-8F66FADEB49F}.Debug|Any CPU.ActiveCfg = Debug|Any CPU
		{673217CF-9168-4D6E-A0E0-8F66FADEB49F}.Debug|Any CPU.Build.0 = Debug|Any CPU
		{673217CF-9168-4D6E-A0E0-8F66FADEB49F}.Release|Any CPU.ActiveCfg = Release|Any CPU
		{673217CF-9168-4D6E-A0E0-8F66FADEB49F}.Release|Any CPU.Build.0 = Release|Any CPU
		{2673C5C0-1B4D-4353-8400-D3F9D6288711}.Debug|Any CPU.ActiveCfg = Debug|Any CPU
		{2673C5C0-1B4D-4353-8400-D3F9D6288711}.Debug|Any CPU.Build.0 = Debug|Any CPU
		{2673C5C0-1B4D-4353-8400-D3F9D6288711}.Release|Any CPU.ActiveCfg = Release|Any CPU
		{2673C5C0-1B4D-4353-8400-D3F9D6288711}.Release|Any CPU.Build.0 = Release|Any CPU
		{34B68571-4045-4954-8B76-15E9E6DF1F3E}.Debug|Any CPU.ActiveCfg = Debug|Any CPU
		{34B68571-4045-4954-8B76-15E9E6DF1F3E}.Debug|Any CPU.Build.0 = Debug|Any CPU
		{34B68571-4045-4954-8B76-15E9E6DF1F3E}.Release|Any CPU.ActiveCfg = Release|Any CPU
		{34B68571-4045-4954-8B76-15E9E6DF1F3E}.Release|Any CPU.Build.0 = Release|Any CPU
		{466DB868-C16A-4432-9BF0-0151245B5F4C}.Debug|Any CPU.ActiveCfg = Debug|Any CPU
		{466DB868-C16A-4432-9BF0-0151245B5F4C}.Debug|Any CPU.Build.0 = Debug|Any CPU
		{466DB868-C16A-4432-9BF0-0151245B5F4C}.Release|Any CPU.ActiveCfg = Release|Any CPU
		{466DB868-C16A-4432-9BF0-0151245B5F4C}.Release|Any CPU.Build.0 = Release|Any CPU
		{F0DF9F18-59F9-486A-BD31-FDB4FF47D0C7}.Debug|Any CPU.ActiveCfg = Debug|Any CPU
		{F0DF9F18-59F9-486A-BD31-FDB4FF47D0C7}.Debug|Any CPU.Build.0 = Debug|Any CPU
		{F0DF9F18-59F9-486A-BD31-FDB4FF47D0C7}.Release|Any CPU.ActiveCfg = Release|Any CPU
		{F0DF9F18-59F9-486A-BD31-FDB4FF47D0C7}.Release|Any CPU.Build.0 = Release|Any CPU
		{E53ACE5B-79AC-4413-9F6F-5E7B915DB8BE}.Debug|Any CPU.ActiveCfg = Debug|Any CPU
		{E53ACE5B-79AC-4413-9F6F-5E7B915DB8BE}.Debug|Any CPU.Build.0 = Debug|Any CPU
		{E53ACE5B-79AC-4413-9F6F-5E7B915DB8BE}.Release|Any CPU.ActiveCfg = Release|Any CPU
		{E53ACE5B-79AC-4413-9F6F-5E7B915DB8BE}.Release|Any CPU.Build.0 = Release|Any CPU
		{A10DC1D3-F38C-469C-848B-9DF9208C72CF}.Debug|Any CPU.ActiveCfg = Debug|Any CPU
		{A10DC1D3-F38C-469C-848B-9DF9208C72CF}.Debug|Any CPU.Build.0 = Debug|Any CPU
		{A10DC1D3-F38C-469C-848B-9DF9208C72CF}.Release|Any CPU.ActiveCfg = Release|Any CPU
		{A10DC1D3-F38C-469C-848B-9DF9208C72CF}.Release|Any CPU.Build.0 = Release|Any CPU
		{5DE4324F-C1C3-420F-B152-C8CD2380F910}.Debug|Any CPU.ActiveCfg = Debug|Any CPU
		{5DE4324F-C1C3-420F-B152-C8CD2380F910}.Debug|Any CPU.Build.0 = Debug|Any CPU
		{5DE4324F-C1C3-420F-B152-C8CD2380F910}.Release|Any CPU.ActiveCfg = Release|Any CPU
		{5DE4324F-C1C3-420F-B152-C8CD2380F910}.Release|Any CPU.Build.0 = Release|Any CPU
		{0C5BC227-244E-469E-87CA-B163514E4031}.Debug|Any CPU.ActiveCfg = Debug|Any CPU
		{0C5BC227-244E-469E-87CA-B163514E4031}.Debug|Any CPU.Build.0 = Debug|Any CPU
		{0C5BC227-244E-469E-87CA-B163514E4031}.Release|Any CPU.ActiveCfg = Release|Any CPU
		{0C5BC227-244E-469E-87CA-B163514E4031}.Release|Any CPU.Build.0 = Release|Any CPU
		{0D156CEE-3200-43F4-BA03-2B1BCDF684A5}.Debug|Any CPU.ActiveCfg = Debug|Any CPU
		{0D156CEE-3200-43F4-BA03-2B1BCDF684A5}.Debug|Any CPU.Build.0 = Debug|Any CPU
		{0D156CEE-3200-43F4-BA03-2B1BCDF684A5}.Release|Any CPU.ActiveCfg = Release|Any CPU
		{0D156CEE-3200-43F4-BA03-2B1BCDF684A5}.Release|Any CPU.Build.0 = Release|Any CPU
		{A8A13BFA-3C01-4E85-AAF1-13E00C0FDA44}.Debug|Any CPU.ActiveCfg = Debug|Any CPU
		{A8A13BFA-3C01-4E85-AAF1-13E00C0FDA44}.Debug|Any CPU.Build.0 = Debug|Any CPU
		{A8A13BFA-3C01-4E85-AAF1-13E00C0FDA44}.Release|Any CPU.ActiveCfg = Release|Any CPU
		{A8A13BFA-3C01-4E85-AAF1-13E00C0FDA44}.Release|Any CPU.Build.0 = Release|Any CPU
		{35FB5230-22BB-4A03-8011-D238B24FB0C8}.Debug|Any CPU.ActiveCfg = Debug|Any CPU
		{35FB5230-22BB-4A03-8011-D238B24FB0C8}.Debug|Any CPU.Build.0 = Debug|Any CPU
		{35FB5230-22BB-4A03-8011-D238B24FB0C8}.Release|Any CPU.ActiveCfg = Release|Any CPU
		{35FB5230-22BB-4A03-8011-D238B24FB0C8}.Release|Any CPU.Build.0 = Release|Any CPU
		{77BA67B1-BDC2-4CBF-8511-BC935B978FB9}.Debug|Any CPU.ActiveCfg = Debug|Any CPU
		{77BA67B1-BDC2-4CBF-8511-BC935B978FB9}.Debug|Any CPU.Build.0 = Debug|Any CPU
		{77BA67B1-BDC2-4CBF-8511-BC935B978FB9}.Release|Any CPU.ActiveCfg = Release|Any CPU
		{77BA67B1-BDC2-4CBF-8511-BC935B978FB9}.Release|Any CPU.Build.0 = Release|Any CPU
		{43DBE9DD-EAF1-4DFB-8872-55AFFBD1CEB8}.Debug|Any CPU.ActiveCfg = Debug|Any CPU
		{43DBE9DD-EAF1-4DFB-8872-55AFFBD1CEB8}.Debug|Any CPU.Build.0 = Debug|Any CPU
		{43DBE9DD-EAF1-4DFB-8872-55AFFBD1CEB8}.Release|Any CPU.ActiveCfg = Release|Any CPU
		{43DBE9DD-EAF1-4DFB-8872-55AFFBD1CEB8}.Release|Any CPU.Build.0 = Release|Any CPU
		{6B550C56-EF22-46DE-9D0C-64179688C1DD}.Debug|Any CPU.ActiveCfg = Debug|Any CPU
		{6B550C56-EF22-46DE-9D0C-64179688C1DD}.Debug|Any CPU.Build.0 = Debug|Any CPU
		{6B550C56-EF22-46DE-9D0C-64179688C1DD}.Release|Any CPU.ActiveCfg = Release|Any CPU
		{6B550C56-EF22-46DE-9D0C-64179688C1DD}.Release|Any CPU.Build.0 = Release|Any CPU
		{2A516AEE-0D83-492A-82C3-DD08F5D1C40D}.Debug|Any CPU.ActiveCfg = Debug|Any CPU
		{2A516AEE-0D83-492A-82C3-DD08F5D1C40D}.Debug|Any CPU.Build.0 = Debug|Any CPU
		{2A516AEE-0D83-492A-82C3-DD08F5D1C40D}.Release|Any CPU.ActiveCfg = Release|Any CPU
		{2A516AEE-0D83-492A-82C3-DD08F5D1C40D}.Release|Any CPU.Build.0 = Release|Any CPU
		{93A2B0A1-A676-435B-B6D4-28B910ED535A}.Debug|Any CPU.ActiveCfg = Debug|Any CPU
		{93A2B0A1-A676-435B-B6D4-28B910ED535A}.Debug|Any CPU.Build.0 = Debug|Any CPU
		{93A2B0A1-A676-435B-B6D4-28B910ED535A}.Release|Any CPU.ActiveCfg = Release|Any CPU
		{93A2B0A1-A676-435B-B6D4-28B910ED535A}.Release|Any CPU.Build.0 = Release|Any CPU
		{885A7A16-F918-47BE-85DC-D37BC1160E49}.Debug|Any CPU.ActiveCfg = Debug|Any CPU
		{885A7A16-F918-47BE-85DC-D37BC1160E49}.Debug|Any CPU.Build.0 = Debug|Any CPU
		{885A7A16-F918-47BE-85DC-D37BC1160E49}.Release|Any CPU.ActiveCfg = Release|Any CPU
		{885A7A16-F918-47BE-85DC-D37BC1160E49}.Release|Any CPU.Build.0 = Release|Any CPU
		{10C254D1-6844-4F81-B9FD-BE168E0A03F2}.Debug|Any CPU.ActiveCfg = Debug|Any CPU
		{10C254D1-6844-4F81-B9FD-BE168E0A03F2}.Debug|Any CPU.Build.0 = Debug|Any CPU
		{10C254D1-6844-4F81-B9FD-BE168E0A03F2}.Release|Any CPU.ActiveCfg = Release|Any CPU
		{10C254D1-6844-4F81-B9FD-BE168E0A03F2}.Release|Any CPU.Build.0 = Release|Any CPU
		{8583F004-CC68-4732-A6DB-F8F6255DE04F}.Debug|Any CPU.ActiveCfg = Debug|Any CPU
		{8583F004-CC68-4732-A6DB-F8F6255DE04F}.Debug|Any CPU.Build.0 = Debug|Any CPU
		{8583F004-CC68-4732-A6DB-F8F6255DE04F}.Release|Any CPU.ActiveCfg = Release|Any CPU
		{8583F004-CC68-4732-A6DB-F8F6255DE04F}.Release|Any CPU.Build.0 = Release|Any CPU
		{0934622A-F8AC-435C-A712-1B156BD547D0}.Debug|Any CPU.ActiveCfg = Debug|Any CPU
		{0934622A-F8AC-435C-A712-1B156BD547D0}.Debug|Any CPU.Build.0 = Debug|Any CPU
		{0934622A-F8AC-435C-A712-1B156BD547D0}.Release|Any CPU.ActiveCfg = Release|Any CPU
		{0934622A-F8AC-435C-A712-1B156BD547D0}.Release|Any CPU.Build.0 = Release|Any CPU
		{ABEC8A60-8858-4C98-B360-8715C485B292}.Debug|Any CPU.ActiveCfg = Debug|Any CPU
		{ABEC8A60-8858-4C98-B360-8715C485B292}.Debug|Any CPU.Build.0 = Debug|Any CPU
		{ABEC8A60-8858-4C98-B360-8715C485B292}.Release|Any CPU.ActiveCfg = Release|Any CPU
		{ABEC8A60-8858-4C98-B360-8715C485B292}.Release|Any CPU.Build.0 = Release|Any CPU
		{F9727156-4F3D-4E34-BA75-3D2263D7BBAD}.Debug|Any CPU.ActiveCfg = Debug|Any CPU
		{F9727156-4F3D-4E34-BA75-3D2263D7BBAD}.Debug|Any CPU.Build.0 = Debug|Any CPU
		{F9727156-4F3D-4E34-BA75-3D2263D7BBAD}.Release|Any CPU.ActiveCfg = Release|Any CPU
		{F9727156-4F3D-4E34-BA75-3D2263D7BBAD}.Release|Any CPU.Build.0 = Release|Any CPU
		{3DFB8383-7A60-466B-8A64-F86D5B01FFE9}.Debug|Any CPU.ActiveCfg = Debug|Any CPU
		{3DFB8383-7A60-466B-8A64-F86D5B01FFE9}.Debug|Any CPU.Build.0 = Debug|Any CPU
		{3DFB8383-7A60-466B-8A64-F86D5B01FFE9}.Release|Any CPU.ActiveCfg = Release|Any CPU
		{3DFB8383-7A60-466B-8A64-F86D5B01FFE9}.Release|Any CPU.Build.0 = Release|Any CPU
		{B0A424C3-B50B-49AD-826E-620AEA506B7F}.Debug|Any CPU.ActiveCfg = Debug|Any CPU
		{B0A424C3-B50B-49AD-826E-620AEA506B7F}.Debug|Any CPU.Build.0 = Debug|Any CPU
		{B0A424C3-B50B-49AD-826E-620AEA506B7F}.Release|Any CPU.ActiveCfg = Release|Any CPU
		{B0A424C3-B50B-49AD-826E-620AEA506B7F}.Release|Any CPU.Build.0 = Release|Any CPU
		{7918667F-1C34-4720-B73B-DF20A2395631}.Debug|Any CPU.ActiveCfg = Debug|Any CPU
		{7918667F-1C34-4720-B73B-DF20A2395631}.Debug|Any CPU.Build.0 = Debug|Any CPU
		{7918667F-1C34-4720-B73B-DF20A2395631}.Release|Any CPU.ActiveCfg = Release|Any CPU
		{7918667F-1C34-4720-B73B-DF20A2395631}.Release|Any CPU.Build.0 = Release|Any CPU
		{6F5A14DF-7C75-4706-8742-AFF0AECC7FF4}.Debug|Any CPU.ActiveCfg = Debug|Any CPU
		{6F5A14DF-7C75-4706-8742-AFF0AECC7FF4}.Debug|Any CPU.Build.0 = Debug|Any CPU
		{6F5A14DF-7C75-4706-8742-AFF0AECC7FF4}.Release|Any CPU.ActiveCfg = Release|Any CPU
		{6F5A14DF-7C75-4706-8742-AFF0AECC7FF4}.Release|Any CPU.Build.0 = Release|Any CPU
		{4EE24BD9-0D4F-439D-9649-CE3862A1D83C}.Debug|Any CPU.ActiveCfg = Debug|Any CPU
		{4EE24BD9-0D4F-439D-9649-CE3862A1D83C}.Debug|Any CPU.Build.0 = Debug|Any CPU
		{4EE24BD9-0D4F-439D-9649-CE3862A1D83C}.Release|Any CPU.ActiveCfg = Release|Any CPU
		{4EE24BD9-0D4F-439D-9649-CE3862A1D83C}.Release|Any CPU.Build.0 = Release|Any CPU
		{707F97D1-CFD1-47C9-9C8F-B00614A4A00D}.Debug|Any CPU.ActiveCfg = Debug|Any CPU
		{707F97D1-CFD1-47C9-9C8F-B00614A4A00D}.Debug|Any CPU.Build.0 = Debug|Any CPU
		{707F97D1-CFD1-47C9-9C8F-B00614A4A00D}.Release|Any CPU.ActiveCfg = Release|Any CPU
		{707F97D1-CFD1-47C9-9C8F-B00614A4A00D}.Release|Any CPU.Build.0 = Release|Any CPU
		{FA157B6C-A3CB-4520-BB13-2A3C443F4971}.Debug|Any CPU.ActiveCfg = Debug|Any CPU
		{FA157B6C-A3CB-4520-BB13-2A3C443F4971}.Debug|Any CPU.Build.0 = Debug|Any CPU
		{FA157B6C-A3CB-4520-BB13-2A3C443F4971}.Release|Any CPU.ActiveCfg = Release|Any CPU
		{FA157B6C-A3CB-4520-BB13-2A3C443F4971}.Release|Any CPU.Build.0 = Release|Any CPU
		{8A2446DE-0BF8-4B16-A4A3-36A9604A33D9}.Debug|Any CPU.ActiveCfg = Debug|Any CPU
		{8A2446DE-0BF8-4B16-A4A3-36A9604A33D9}.Debug|Any CPU.Build.0 = Debug|Any CPU
		{8A2446DE-0BF8-4B16-A4A3-36A9604A33D9}.Release|Any CPU.ActiveCfg = Release|Any CPU
		{8A2446DE-0BF8-4B16-A4A3-36A9604A33D9}.Release|Any CPU.Build.0 = Release|Any CPU
		{0A280A06-077C-4D18-A6FE-919FAE45BA60}.Debug|Any CPU.ActiveCfg = Debug|Any CPU
		{0A280A06-077C-4D18-A6FE-919FAE45BA60}.Debug|Any CPU.Build.0 = Debug|Any CPU
		{0A280A06-077C-4D18-A6FE-919FAE45BA60}.Release|Any CPU.ActiveCfg = Release|Any CPU
		{0A280A06-077C-4D18-A6FE-919FAE45BA60}.Release|Any CPU.Build.0 = Release|Any CPU
		{71ACC2B3-5BD6-4765-A6AE-1E4F6800B81C}.Debug|Any CPU.ActiveCfg = Debug|Any CPU
		{71ACC2B3-5BD6-4765-A6AE-1E4F6800B81C}.Debug|Any CPU.Build.0 = Debug|Any CPU
		{71ACC2B3-5BD6-4765-A6AE-1E4F6800B81C}.Release|Any CPU.ActiveCfg = Release|Any CPU
		{71ACC2B3-5BD6-4765-A6AE-1E4F6800B81C}.Release|Any CPU.Build.0 = Release|Any CPU
		{C184F753-E533-4DB8-BFF4-635D4C6C0EB4}.Debug|Any CPU.ActiveCfg = Debug|Any CPU
		{C184F753-E533-4DB8-BFF4-635D4C6C0EB4}.Debug|Any CPU.Build.0 = Debug|Any CPU
		{C184F753-E533-4DB8-BFF4-635D4C6C0EB4}.Release|Any CPU.ActiveCfg = Release|Any CPU
		{C184F753-E533-4DB8-BFF4-635D4C6C0EB4}.Release|Any CPU.Build.0 = Release|Any CPU
		{93056E54-ABD3-4AA8-AB2A-3E867F8C3C64}.Debug|Any CPU.ActiveCfg = Debug|Any CPU
		{93056E54-ABD3-4AA8-AB2A-3E867F8C3C64}.Debug|Any CPU.Build.0 = Debug|Any CPU
		{93056E54-ABD3-4AA8-AB2A-3E867F8C3C64}.Release|Any CPU.ActiveCfg = Release|Any CPU
		{93056E54-ABD3-4AA8-AB2A-3E867F8C3C64}.Release|Any CPU.Build.0 = Release|Any CPU
		{680F5D74-C13D-4CF7-82F8-6AA4C6C705D8}.Debug|Any CPU.ActiveCfg = Debug|Any CPU
		{680F5D74-C13D-4CF7-82F8-6AA4C6C705D8}.Debug|Any CPU.Build.0 = Debug|Any CPU
		{680F5D74-C13D-4CF7-82F8-6AA4C6C705D8}.Release|Any CPU.ActiveCfg = Release|Any CPU
		{680F5D74-C13D-4CF7-82F8-6AA4C6C705D8}.Release|Any CPU.Build.0 = Release|Any CPU
		{C48E462D-7880-4285-BA89-FF61DDDFD807}.Debug|Any CPU.ActiveCfg = Debug|Any CPU
		{C48E462D-7880-4285-BA89-FF61DDDFD807}.Debug|Any CPU.Build.0 = Debug|Any CPU
		{C48E462D-7880-4285-BA89-FF61DDDFD807}.Release|Any CPU.ActiveCfg = Release|Any CPU
		{C48E462D-7880-4285-BA89-FF61DDDFD807}.Release|Any CPU.Build.0 = Release|Any CPU
		{89A36AF7-B0C9-4803-A4C6-CEA875F6F659}.Debug|Any CPU.ActiveCfg = Debug|Any CPU
		{89A36AF7-B0C9-4803-A4C6-CEA875F6F659}.Debug|Any CPU.Build.0 = Debug|Any CPU
		{89A36AF7-B0C9-4803-A4C6-CEA875F6F659}.Release|Any CPU.ActiveCfg = Release|Any CPU
		{89A36AF7-B0C9-4803-A4C6-CEA875F6F659}.Release|Any CPU.Build.0 = Release|Any CPU
		{521EA9E3-9000-439E-84E2-9F01DAEF9AA3}.Debug|Any CPU.ActiveCfg = Debug|Any CPU
		{521EA9E3-9000-439E-84E2-9F01DAEF9AA3}.Debug|Any CPU.Build.0 = Debug|Any CPU
		{521EA9E3-9000-439E-84E2-9F01DAEF9AA3}.Release|Any CPU.ActiveCfg = Release|Any CPU
		{521EA9E3-9000-439E-84E2-9F01DAEF9AA3}.Release|Any CPU.Build.0 = Release|Any CPU
		{C1E3B4F0-C1F2-4794-A53D-FE910DB29CB1}.Debug|Any CPU.ActiveCfg = Debug|Any CPU
		{C1E3B4F0-C1F2-4794-A53D-FE910DB29CB1}.Debug|Any CPU.Build.0 = Debug|Any CPU
		{C1E3B4F0-C1F2-4794-A53D-FE910DB29CB1}.Release|Any CPU.ActiveCfg = Release|Any CPU
		{C1E3B4F0-C1F2-4794-A53D-FE910DB29CB1}.Release|Any CPU.Build.0 = Release|Any CPU
		{B59AA7B4-3AEE-4000-A0F6-3C78F16EFBC5}.Debug|Any CPU.ActiveCfg = Debug|Any CPU
		{B59AA7B4-3AEE-4000-A0F6-3C78F16EFBC5}.Debug|Any CPU.Build.0 = Debug|Any CPU
		{B59AA7B4-3AEE-4000-A0F6-3C78F16EFBC5}.Release|Any CPU.ActiveCfg = Release|Any CPU
		{B59AA7B4-3AEE-4000-A0F6-3C78F16EFBC5}.Release|Any CPU.Build.0 = Release|Any CPU
		{F4018A49-9302-461E-B4F1-499EF77F0FDD}.Debug|Any CPU.ActiveCfg = Debug|Any CPU
		{F4018A49-9302-461E-B4F1-499EF77F0FDD}.Debug|Any CPU.Build.0 = Debug|Any CPU
		{F4018A49-9302-461E-B4F1-499EF77F0FDD}.Release|Any CPU.ActiveCfg = Release|Any CPU
		{F4018A49-9302-461E-B4F1-499EF77F0FDD}.Release|Any CPU.Build.0 = Release|Any CPU
	EndGlobalSection
	GlobalSection(NestedProjects) = preSolution
		{885ECCAB-5EB2-4B21-A846-5B3B09C3496D} = {C945F64C-E016-4A47-BAF5-7C62AB9CDB18}
		{8B7AFC49-B17A-4F90-BD87-78411278E72F} = {C945F64C-E016-4A47-BAF5-7C62AB9CDB18}
		{BEDC33C2-2611-4C41-90E8-C5D4B3E988BF} = {04BE4F41-6D86-456D-A12F-1FB7191B4CFD}
		{B0405556-4CDA-4C8A-8D39-F4326E8C22D5} = {04BE4F41-6D86-456D-A12F-1FB7191B4CFD}
		{00842E65-B586-42D3-9B62-FD26A3645B13} = {04BE4F41-6D86-456D-A12F-1FB7191B4CFD}
		{4C18C4CF-5EFE-4984-A29A-99D2086F1CA6} = {04BE4F41-6D86-456D-A12F-1FB7191B4CFD}
		{00636286-1046-479F-8754-CA5CEA27DDE0} = {04BE4F41-6D86-456D-A12F-1FB7191B4CFD}
		{0D894D79-8544-45D1-8695-04CB5977EBC5} = {04BE4F41-6D86-456D-A12F-1FB7191B4CFD}
		{D46977F7-577B-40F0-8012-146E0ECC53B3} = {04BE4F41-6D86-456D-A12F-1FB7191B4CFD}
		{38635BDD-F544-4D87-8388-AA2C34E9D470} = {04BE4F41-6D86-456D-A12F-1FB7191B4CFD}
		{46D09716-4479-49C6-81EE-3BDDE399BBF6} = {04BE4F41-6D86-456D-A12F-1FB7191B4CFD}
		{A81F8E8D-4049-4DDB-ACD4-B6DB81BA736A} = {3F10333C-AB8B-45D1-A6FD-E3FD212358A8}
		{655B12A4-D761-4148-A993-B10E69442890} = {3F10333C-AB8B-45D1-A6FD-E3FD212358A8}
		{97219ECD-71C2-4FA5-BB74-236EA935E087} = {3F10333C-AB8B-45D1-A6FD-E3FD212358A8}
		{F208D5D1-64A7-4FEF-8722-20E57B8FB753} = {3F10333C-AB8B-45D1-A6FD-E3FD212358A8}
		{84A78DA8-429A-4BF3-A0F8-D71F434935E7} = {3F10333C-AB8B-45D1-A6FD-E3FD212358A8}
		{06355719-BE11-4813-B5F0-6DDD51556870} = {3F10333C-AB8B-45D1-A6FD-E3FD212358A8}
		{2FAF971D-3AF9-4F2D-A24C-A334CD66FDAF} = {66030CA7-5B8D-4068-9301-D962DE4EFD96}
		{5FAD2498-58A7-465F-AD96-E984014DB6CD} = {66030CA7-5B8D-4068-9301-D962DE4EFD96}
		{8B0B5508-442C-48EA-A3FE-6D47D0165FEB} = {66030CA7-5B8D-4068-9301-D962DE4EFD96}
		{B7DDD6A2-53BF-4238-A974-224BA6161CD7} = {66030CA7-5B8D-4068-9301-D962DE4EFD96}
		{C0D1778B-B919-436A-8D33-A5F64A8BA2EB} = {66030CA7-5B8D-4068-9301-D962DE4EFD96}
		{44A62C15-F121-4B08-A717-BDC47F90C158} = {D426CFF6-00A5-41ED-9777-521D13C88409}
		{3BCBEE82-DE89-4CFD-BDBF-3AF4FF1E803A} = {D426CFF6-00A5-41ED-9777-521D13C88409}
		{076A4623-AF18-4D51-9113-326D86C64DC2} = {D426CFF6-00A5-41ED-9777-521D13C88409}
		{993E9A68-28A1-4A7B-99F3-68B86CB9F32C} = {D426CFF6-00A5-41ED-9777-521D13C88409}
		{85457372-AD03-44E3-9469-28206EA961D1} = {D426CFF6-00A5-41ED-9777-521D13C88409}
		{6B81980E-14C2-410E-B506-C1791A14FB16} = {B1DFBD9A-3555-4DF4-B25C-E20911DE0CD4}
		{D376B486-CDD1-4F77-831C-309C0600B2C7} = {B1DFBD9A-3555-4DF4-B25C-E20911DE0CD4}
		{D47EAE65-2E08-4B23-901A-B02289FEA0C9} = {68B711D4-EEA7-4756-9E59-6192542AC824}
		{F90D4B40-82DB-4F88-86C3-FA9E5FA77B49} = {68B711D4-EEA7-4756-9E59-6192542AC824}
		{DB3DDA1D-468A-4B6B-99C9-9F9F85E0571C} = {68B711D4-EEA7-4756-9E59-6192542AC824}
		{D05A222B-5BD2-4CEA-9DFD-D1C8F1B2EC98} = {68B711D4-EEA7-4756-9E59-6192542AC824}
		{BD1A8F94-3DFD-451A-A61D-3FC057312241} = {68B711D4-EEA7-4756-9E59-6192542AC824}
		{F339D1C3-7156-4A1D-931A-163637CBBCF7} = {68B711D4-EEA7-4756-9E59-6192542AC824}
		{673217CF-9168-4D6E-A0E0-8F66FADEB49F} = {0530DCA8-B2FE-4B5A-9AA8-E0D2F6E785C0}
		{2673C5C0-1B4D-4353-8400-D3F9D6288711} = {0530DCA8-B2FE-4B5A-9AA8-E0D2F6E785C0}
		{34B68571-4045-4954-8B76-15E9E6DF1F3E} = {0530DCA8-B2FE-4B5A-9AA8-E0D2F6E785C0}
		{466DB868-C16A-4432-9BF0-0151245B5F4C} = {0530DCA8-B2FE-4B5A-9AA8-E0D2F6E785C0}
		{F0DF9F18-59F9-486A-BD31-FDB4FF47D0C7} = {0530DCA8-B2FE-4B5A-9AA8-E0D2F6E785C0}
		{E53ACE5B-79AC-4413-9F6F-5E7B915DB8BE} = {0530DCA8-B2FE-4B5A-9AA8-E0D2F6E785C0}
		{A10DC1D3-F38C-469C-848B-9DF9208C72CF} = {5761442A-699E-4521-8548-D611365C9213}
		{5DE4324F-C1C3-420F-B152-C8CD2380F910} = {5761442A-699E-4521-8548-D611365C9213}
		{0C5BC227-244E-469E-87CA-B163514E4031} = {5761442A-699E-4521-8548-D611365C9213}
		{0D156CEE-3200-43F4-BA03-2B1BCDF684A5} = {5761442A-699E-4521-8548-D611365C9213}
		{A8A13BFA-3C01-4E85-AAF1-13E00C0FDA44} = {5761442A-699E-4521-8548-D611365C9213}
		{35FB5230-22BB-4A03-8011-D238B24FB0C8} = {F424DD28-CFEC-4770-9C8A-E9D58284794F}
		{77BA67B1-BDC2-4CBF-8511-BC935B978FB9} = {F424DD28-CFEC-4770-9C8A-E9D58284794F}
		{43DBE9DD-EAF1-4DFB-8872-55AFFBD1CEB8} = {F424DD28-CFEC-4770-9C8A-E9D58284794F}
		{6B550C56-EF22-46DE-9D0C-64179688C1DD} = {8A4A7A90-25C4-4F6E-A0BA-5201FE64CBF9}
		{2A516AEE-0D83-492A-82C3-DD08F5D1C40D} = {8A4A7A90-25C4-4F6E-A0BA-5201FE64CBF9}
		{93A2B0A1-A676-435B-B6D4-28B910ED535A} = {8A4A7A90-25C4-4F6E-A0BA-5201FE64CBF9}
		{885A7A16-F918-47BE-85DC-D37BC1160E49} = {9975DC5A-C3CC-4A7C-9AE2-F5A9339016FA}
		{10C254D1-6844-4F81-B9FD-BE168E0A03F2} = {9975DC5A-C3CC-4A7C-9AE2-F5A9339016FA}
		{8583F004-CC68-4732-A6DB-F8F6255DE04F} = {9975DC5A-C3CC-4A7C-9AE2-F5A9339016FA}
		{0934622A-F8AC-435C-A712-1B156BD547D0} = {FA873B52-D80F-4B92-8E23-2CA1053DA65A}
		{ABEC8A60-8858-4C98-B360-8715C485B292} = {9975DC5A-C3CC-4A7C-9AE2-F5A9339016FA}
		{F9727156-4F3D-4E34-BA75-3D2263D7BBAD} = {FA873B52-D80F-4B92-8E23-2CA1053DA65A}
		{3DFB8383-7A60-466B-8A64-F86D5B01FFE9} = {9975DC5A-C3CC-4A7C-9AE2-F5A9339016FA}
		{B0A424C3-B50B-49AD-826E-620AEA506B7F} = {FA873B52-D80F-4B92-8E23-2CA1053DA65A}
		{7918667F-1C34-4720-B73B-DF20A2395631} = {FA873B52-D80F-4B92-8E23-2CA1053DA65A}
		{6F5A14DF-7C75-4706-8742-AFF0AECC7FF4} = {FA873B52-D80F-4B92-8E23-2CA1053DA65A}
		{4EE24BD9-0D4F-439D-9649-CE3862A1D83C} = {36193A12-9FEF-4CA5-A62B-8DEC3ED28362}
		{707F97D1-CFD1-47C9-9C8F-B00614A4A00D} = {36193A12-9FEF-4CA5-A62B-8DEC3ED28362}
		{FA157B6C-A3CB-4520-BB13-2A3C443F4971} = {FA873B52-D80F-4B92-8E23-2CA1053DA65A}
		{8A2446DE-0BF8-4B16-A4A3-36A9604A33D9} = {FA873B52-D80F-4B92-8E23-2CA1053DA65A}
		{0A280A06-077C-4D18-A6FE-919FAE45BA60} = {36193A12-9FEF-4CA5-A62B-8DEC3ED28362}
		{71ACC2B3-5BD6-4765-A6AE-1E4F6800B81C} = {D5AF8F50-395E-4C84-9C5D-4A30A270F2C6}
		{C184F753-E533-4DB8-BFF4-635D4C6C0EB4} = {D5AF8F50-395E-4C84-9C5D-4A30A270F2C6}
		{93056E54-ABD3-4AA8-AB2A-3E867F8C3C64} = {D5AF8F50-395E-4C84-9C5D-4A30A270F2C6}
		{680F5D74-C13D-4CF7-82F8-6AA4C6C705D8} = {D5AF8F50-395E-4C84-9C5D-4A30A270F2C6}
		{C48E462D-7880-4285-BA89-FF61DDDFD807} = {D5AF8F50-395E-4C84-9C5D-4A30A270F2C6}
		{89A36AF7-B0C9-4803-A4C6-CEA875F6F659} = {596F4D4B-5A13-4399-B4C2-CC27FCB78D22}
		{521EA9E3-9000-439E-84E2-9F01DAEF9AA3} = {596F4D4B-5A13-4399-B4C2-CC27FCB78D22}
		{C1E3B4F0-C1F2-4794-A53D-FE910DB29CB1} = {596F4D4B-5A13-4399-B4C2-CC27FCB78D22}
		{B59AA7B4-3AEE-4000-A0F6-3C78F16EFBC5} = {596F4D4B-5A13-4399-B4C2-CC27FCB78D22}
		{F4018A49-9302-461E-B4F1-499EF77F0FDD} = {F65A73BA-BDA6-4CD4-A804-9E1858DA9AE4}
	EndGlobalSection
EndGlobal
